
Microsoft Visual Studio Solution File, Format Version 12.00
# Visual Studio 14
VisualStudioVersion = 14.0.25420.1
MinimumVisualStudioVersion = 10.0.40219.1
Project("{FAE04EC0-301F-11D3-BF4B-00C04F79EFBC}") = "hccPlayer.Android", "hccPlayer\hccPlayer.Android\hccPlayer.Android.csproj", "{084DF59B-DCBE-41A3-968E-43DF45B07FB3}"
EndProject
Project("{FAE04EC0-301F-11D3-BF4B-00C04F79EFBC}") = "hccPlayer", "hccPlayer\hccPlayer\hccPlayer.csproj", "{B800DF8A-7E3A-4018-AF2F-5D8C2C8CD5DF}"
EndProject
Project("{FAE04EC0-301F-11D3-BF4B-00C04F79EFBC}") = "hccPlayer.UWP", "hccPlayer\hccPlayer.UWP\hccPlayer.UWP.csproj", "{93E00240-C604-4B2C-B892-9BEDA2848B13}"
	ProjectSection(ProjectDependencies) = postProject
		{2E75EEA4-2650-4EBE-9758-05E62E56CEAF} = {2E75EEA4-2650-4EBE-9758-05E62E56CEAF}
	EndProjectSection
EndProject
Project("{FAE04EC0-301F-11D3-BF4B-00C04F79EFBC}") = "hccPlayer.iOS", "hccPlayer\hccPlayer.iOS\hccPlayer.iOS.csproj", "{49C747F3-49FD-447D-8194-3233D33F4901}"
EndProject
Project("{FAE04EC0-301F-11D3-BF4B-00C04F79EFBC}") = "HTTPCachedServer.Android", "HTTPCachedServer.Android\HTTPCachedServer.Android.csproj", "{4BFF2883-6936-4C07-807B-0EB5F5D729D0}"
EndProject
Project("{FAE04EC0-301F-11D3-BF4B-00C04F79EFBC}") = "HTTPCachedServer.iOS", "HTTPCachedServer.iOS\HTTPCachedServer.iOS.csproj", "{9D0F46CC-793B-4A82-B2DD-FED9E5512B2E}"
EndProject
Project("{FAE04EC0-301F-11D3-BF4B-00C04F79EFBC}") = "HTTPCachedServer.UWP", "HTTPCachedServer.UWP\HTTPCachedServer.UWP.csproj", "{2B2191A6-EFCB-4AEC-856B-BAB0C7716B95}"
EndProject
Project("{FAE04EC0-301F-11D3-BF4B-00C04F79EFBC}") = "HTTPCachedServer", "HTTPCachedServer\HTTPCachedServer.csproj", "{878862BD-1816-4F41-B715-85C4F43AF9FA}"
EndProject
Project("{FAE04EC0-301F-11D3-BF4B-00C04F79EFBC}") = "UWP.Notify", "UWP.Notify\UWP.Notify.csproj", "{2E75EEA4-2650-4EBE-9758-05E62E56CEAF}"
EndProject
Project("{FAE04EC0-301F-11D3-BF4B-00C04F79EFBC}") = "NuGet.Packager", "NuGet.Packager\NuGet.Packager.csproj", "{0451BAEF-DF2E-4B98-8644-94EE9415E389}"
EndProject
Project("{FAE04EC0-301F-11D3-BF4B-00C04F79EFBC}") = "HTTPCachedServer.NET", "HTTPCachedServer.NET\HTTPCachedServer.NET.csproj", "{43764646-3F49-4355-A7F3-ED5EC4795738}"
EndProject
Project("{FAE04EC0-301F-11D3-BF4B-00C04F79EFBC}") = "hccPlayer.WPF", "hccPlayer.WPF\hccPlayer.WPF.csproj", "{8CBA89C1-402D-4B88-B846-A16614F15139}"
EndProject
Project("{2150E333-8FDC-42A3-9474-1A3956D46DE8}") = "Solution Items", "Solution Items", "{AB626B7F-827C-4AA7-9D6C-9B438E42091B}"
	ProjectSection(SolutionItems) = preProject
		readme.md = readme.md
	EndProjectSection
EndProject
Global
	GlobalSection(SolutionConfigurationPlatforms) = preSolution
		Ad-Hoc|Any CPU = Ad-Hoc|Any CPU
		Ad-Hoc|ARM = Ad-Hoc|ARM
		Ad-Hoc|iPhone = Ad-Hoc|iPhone
		Ad-Hoc|iPhoneSimulator = Ad-Hoc|iPhoneSimulator
		Ad-Hoc|x64 = Ad-Hoc|x64
		Ad-Hoc|x86 = Ad-Hoc|x86
		AppStore|Any CPU = AppStore|Any CPU
		AppStore|ARM = AppStore|ARM
		AppStore|iPhone = AppStore|iPhone
		AppStore|iPhoneSimulator = AppStore|iPhoneSimulator
		AppStore|x64 = AppStore|x64
		AppStore|x86 = AppStore|x86
		Debug|Any CPU = Debug|Any CPU
		Debug|ARM = Debug|ARM
		Debug|iPhone = Debug|iPhone
		Debug|iPhoneSimulator = Debug|iPhoneSimulator
		Debug|x64 = Debug|x64
		Debug|x86 = Debug|x86
		Release|Any CPU = Release|Any CPU
		Release|ARM = Release|ARM
		Release|iPhone = Release|iPhone
		Release|iPhoneSimulator = Release|iPhoneSimulator
		Release|x64 = Release|x64
		Release|x86 = Release|x86
	EndGlobalSection
	GlobalSection(ProjectConfigurationPlatforms) = postSolution
		{084DF59B-DCBE-41A3-968E-43DF45B07FB3}.Ad-Hoc|Any CPU.ActiveCfg = Release|Any CPU
		{084DF59B-DCBE-41A3-968E-43DF45B07FB3}.Ad-Hoc|Any CPU.Build.0 = Release|Any CPU
		{084DF59B-DCBE-41A3-968E-43DF45B07FB3}.Ad-Hoc|Any CPU.Deploy.0 = Release|Any CPU
		{084DF59B-DCBE-41A3-968E-43DF45B07FB3}.Ad-Hoc|ARM.ActiveCfg = Release|Any CPU
		{084DF59B-DCBE-41A3-968E-43DF45B07FB3}.Ad-Hoc|ARM.Build.0 = Release|Any CPU
		{084DF59B-DCBE-41A3-968E-43DF45B07FB3}.Ad-Hoc|ARM.Deploy.0 = Release|Any CPU
		{084DF59B-DCBE-41A3-968E-43DF45B07FB3}.Ad-Hoc|iPhone.ActiveCfg = Release|Any CPU
		{084DF59B-DCBE-41A3-968E-43DF45B07FB3}.Ad-Hoc|iPhone.Build.0 = Release|Any CPU
		{084DF59B-DCBE-41A3-968E-43DF45B07FB3}.Ad-Hoc|iPhone.Deploy.0 = Release|Any CPU
		{084DF59B-DCBE-41A3-968E-43DF45B07FB3}.Ad-Hoc|iPhoneSimulator.ActiveCfg = Release|Any CPU
		{084DF59B-DCBE-41A3-968E-43DF45B07FB3}.Ad-Hoc|iPhoneSimulator.Build.0 = Release|Any CPU
		{084DF59B-DCBE-41A3-968E-43DF45B07FB3}.Ad-Hoc|iPhoneSimulator.Deploy.0 = Release|Any CPU
		{084DF59B-DCBE-41A3-968E-43DF45B07FB3}.Ad-Hoc|x64.ActiveCfg = Release|Any CPU
		{084DF59B-DCBE-41A3-968E-43DF45B07FB3}.Ad-Hoc|x64.Build.0 = Release|Any CPU
		{084DF59B-DCBE-41A3-968E-43DF45B07FB3}.Ad-Hoc|x64.Deploy.0 = Release|Any CPU
		{084DF59B-DCBE-41A3-968E-43DF45B07FB3}.Ad-Hoc|x86.ActiveCfg = Release|Any CPU
		{084DF59B-DCBE-41A3-968E-43DF45B07FB3}.Ad-Hoc|x86.Build.0 = Release|Any CPU
		{084DF59B-DCBE-41A3-968E-43DF45B07FB3}.Ad-Hoc|x86.Deploy.0 = Release|Any CPU
		{084DF59B-DCBE-41A3-968E-43DF45B07FB3}.AppStore|Any CPU.ActiveCfg = Release|Any CPU
		{084DF59B-DCBE-41A3-968E-43DF45B07FB3}.AppStore|Any CPU.Build.0 = Release|Any CPU
		{084DF59B-DCBE-41A3-968E-43DF45B07FB3}.AppStore|Any CPU.Deploy.0 = Release|Any CPU
		{084DF59B-DCBE-41A3-968E-43DF45B07FB3}.AppStore|ARM.ActiveCfg = Release|Any CPU
		{084DF59B-DCBE-41A3-968E-43DF45B07FB3}.AppStore|ARM.Build.0 = Release|Any CPU
		{084DF59B-DCBE-41A3-968E-43DF45B07FB3}.AppStore|ARM.Deploy.0 = Release|Any CPU
		{084DF59B-DCBE-41A3-968E-43DF45B07FB3}.AppStore|iPhone.ActiveCfg = Release|Any CPU
		{084DF59B-DCBE-41A3-968E-43DF45B07FB3}.AppStore|iPhone.Build.0 = Release|Any CPU
		{084DF59B-DCBE-41A3-968E-43DF45B07FB3}.AppStore|iPhone.Deploy.0 = Release|Any CPU
		{084DF59B-DCBE-41A3-968E-43DF45B07FB3}.AppStore|iPhoneSimulator.ActiveCfg = Release|Any CPU
		{084DF59B-DCBE-41A3-968E-43DF45B07FB3}.AppStore|iPhoneSimulator.Build.0 = Release|Any CPU
		{084DF59B-DCBE-41A3-968E-43DF45B07FB3}.AppStore|iPhoneSimulator.Deploy.0 = Release|Any CPU
		{084DF59B-DCBE-41A3-968E-43DF45B07FB3}.AppStore|x64.ActiveCfg = Release|Any CPU
		{084DF59B-DCBE-41A3-968E-43DF45B07FB3}.AppStore|x64.Build.0 = Release|Any CPU
		{084DF59B-DCBE-41A3-968E-43DF45B07FB3}.AppStore|x64.Deploy.0 = Release|Any CPU
		{084DF59B-DCBE-41A3-968E-43DF45B07FB3}.AppStore|x86.ActiveCfg = Release|Any CPU
		{084DF59B-DCBE-41A3-968E-43DF45B07FB3}.AppStore|x86.Build.0 = Release|Any CPU
		{084DF59B-DCBE-41A3-968E-43DF45B07FB3}.AppStore|x86.Deploy.0 = Release|Any CPU
		{084DF59B-DCBE-41A3-968E-43DF45B07FB3}.Debug|Any CPU.ActiveCfg = Debug|Any CPU
		{084DF59B-DCBE-41A3-968E-43DF45B07FB3}.Debug|Any CPU.Build.0 = Debug|Any CPU
		{084DF59B-DCBE-41A3-968E-43DF45B07FB3}.Debug|Any CPU.Deploy.0 = Debug|Any CPU
		{084DF59B-DCBE-41A3-968E-43DF45B07FB3}.Debug|ARM.ActiveCfg = Debug|Any CPU
		{084DF59B-DCBE-41A3-968E-43DF45B07FB3}.Debug|ARM.Build.0 = Debug|Any CPU
		{084DF59B-DCBE-41A3-968E-43DF45B07FB3}.Debug|ARM.Deploy.0 = Debug|Any CPU
		{084DF59B-DCBE-41A3-968E-43DF45B07FB3}.Debug|iPhone.ActiveCfg = Debug|Any CPU
		{084DF59B-DCBE-41A3-968E-43DF45B07FB3}.Debug|iPhone.Build.0 = Debug|Any CPU
		{084DF59B-DCBE-41A3-968E-43DF45B07FB3}.Debug|iPhone.Deploy.0 = Debug|Any CPU
		{084DF59B-DCBE-41A3-968E-43DF45B07FB3}.Debug|iPhoneSimulator.ActiveCfg = Debug|Any CPU
		{084DF59B-DCBE-41A3-968E-43DF45B07FB3}.Debug|iPhoneSimulator.Build.0 = Debug|Any CPU
		{084DF59B-DCBE-41A3-968E-43DF45B07FB3}.Debug|iPhoneSimulator.Deploy.0 = Debug|Any CPU
		{084DF59B-DCBE-41A3-968E-43DF45B07FB3}.Debug|x64.ActiveCfg = Debug|Any CPU
		{084DF59B-DCBE-41A3-968E-43DF45B07FB3}.Debug|x64.Build.0 = Debug|Any CPU
		{084DF59B-DCBE-41A3-968E-43DF45B07FB3}.Debug|x64.Deploy.0 = Debug|Any CPU
		{084DF59B-DCBE-41A3-968E-43DF45B07FB3}.Debug|x86.ActiveCfg = Debug|Any CPU
		{084DF59B-DCBE-41A3-968E-43DF45B07FB3}.Debug|x86.Build.0 = Debug|Any CPU
		{084DF59B-DCBE-41A3-968E-43DF45B07FB3}.Debug|x86.Deploy.0 = Debug|Any CPU
		{084DF59B-DCBE-41A3-968E-43DF45B07FB3}.Release|Any CPU.ActiveCfg = Release|Any CPU
		{084DF59B-DCBE-41A3-968E-43DF45B07FB3}.Release|Any CPU.Build.0 = Release|Any CPU
		{084DF59B-DCBE-41A3-968E-43DF45B07FB3}.Release|Any CPU.Deploy.0 = Release|Any CPU
		{084DF59B-DCBE-41A3-968E-43DF45B07FB3}.Release|ARM.ActiveCfg = Release|Any CPU
		{084DF59B-DCBE-41A3-968E-43DF45B07FB3}.Release|ARM.Build.0 = Release|Any CPU
		{084DF59B-DCBE-41A3-968E-43DF45B07FB3}.Release|ARM.Deploy.0 = Release|Any CPU
		{084DF59B-DCBE-41A3-968E-43DF45B07FB3}.Release|iPhone.ActiveCfg = Release|Any CPU
		{084DF59B-DCBE-41A3-968E-43DF45B07FB3}.Release|iPhone.Build.0 = Release|Any CPU
		{084DF59B-DCBE-41A3-968E-43DF45B07FB3}.Release|iPhone.Deploy.0 = Release|Any CPU
		{084DF59B-DCBE-41A3-968E-43DF45B07FB3}.Release|iPhoneSimulator.ActiveCfg = Release|Any CPU
		{084DF59B-DCBE-41A3-968E-43DF45B07FB3}.Release|iPhoneSimulator.Build.0 = Release|Any CPU
		{084DF59B-DCBE-41A3-968E-43DF45B07FB3}.Release|iPhoneSimulator.Deploy.0 = Release|Any CPU
		{084DF59B-DCBE-41A3-968E-43DF45B07FB3}.Release|x64.ActiveCfg = Release|Any CPU
		{084DF59B-DCBE-41A3-968E-43DF45B07FB3}.Release|x64.Build.0 = Release|Any CPU
		{084DF59B-DCBE-41A3-968E-43DF45B07FB3}.Release|x64.Deploy.0 = Release|Any CPU
		{084DF59B-DCBE-41A3-968E-43DF45B07FB3}.Release|x86.ActiveCfg = Release|Any CPU
		{084DF59B-DCBE-41A3-968E-43DF45B07FB3}.Release|x86.Build.0 = Release|Any CPU
		{084DF59B-DCBE-41A3-968E-43DF45B07FB3}.Release|x86.Deploy.0 = Release|Any CPU
		{B800DF8A-7E3A-4018-AF2F-5D8C2C8CD5DF}.Ad-Hoc|Any CPU.ActiveCfg = Release|Any CPU
		{B800DF8A-7E3A-4018-AF2F-5D8C2C8CD5DF}.Ad-Hoc|Any CPU.Build.0 = Release|Any CPU
		{B800DF8A-7E3A-4018-AF2F-5D8C2C8CD5DF}.Ad-Hoc|ARM.ActiveCfg = Release|Any CPU
		{B800DF8A-7E3A-4018-AF2F-5D8C2C8CD5DF}.Ad-Hoc|ARM.Build.0 = Release|Any CPU
		{B800DF8A-7E3A-4018-AF2F-5D8C2C8CD5DF}.Ad-Hoc|iPhone.ActiveCfg = Release|Any CPU
		{B800DF8A-7E3A-4018-AF2F-5D8C2C8CD5DF}.Ad-Hoc|iPhone.Build.0 = Release|Any CPU
		{B800DF8A-7E3A-4018-AF2F-5D8C2C8CD5DF}.Ad-Hoc|iPhoneSimulator.ActiveCfg = Release|Any CPU
		{B800DF8A-7E3A-4018-AF2F-5D8C2C8CD5DF}.Ad-Hoc|iPhoneSimulator.Build.0 = Release|Any CPU
		{B800DF8A-7E3A-4018-AF2F-5D8C2C8CD5DF}.Ad-Hoc|x64.ActiveCfg = Release|Any CPU
		{B800DF8A-7E3A-4018-AF2F-5D8C2C8CD5DF}.Ad-Hoc|x64.Build.0 = Release|Any CPU
		{B800DF8A-7E3A-4018-AF2F-5D8C2C8CD5DF}.Ad-Hoc|x86.ActiveCfg = Release|Any CPU
		{B800DF8A-7E3A-4018-AF2F-5D8C2C8CD5DF}.Ad-Hoc|x86.Build.0 = Release|Any CPU
		{B800DF8A-7E3A-4018-AF2F-5D8C2C8CD5DF}.AppStore|Any CPU.ActiveCfg = Release|Any CPU
		{B800DF8A-7E3A-4018-AF2F-5D8C2C8CD5DF}.AppStore|Any CPU.Build.0 = Release|Any CPU
		{B800DF8A-7E3A-4018-AF2F-5D8C2C8CD5DF}.AppStore|ARM.ActiveCfg = Release|Any CPU
		{B800DF8A-7E3A-4018-AF2F-5D8C2C8CD5DF}.AppStore|ARM.Build.0 = Release|Any CPU
		{B800DF8A-7E3A-4018-AF2F-5D8C2C8CD5DF}.AppStore|iPhone.ActiveCfg = Release|Any CPU
		{B800DF8A-7E3A-4018-AF2F-5D8C2C8CD5DF}.AppStore|iPhone.Build.0 = Release|Any CPU
		{B800DF8A-7E3A-4018-AF2F-5D8C2C8CD5DF}.AppStore|iPhoneSimulator.ActiveCfg = Release|Any CPU
		{B800DF8A-7E3A-4018-AF2F-5D8C2C8CD5DF}.AppStore|iPhoneSimulator.Build.0 = Release|Any CPU
		{B800DF8A-7E3A-4018-AF2F-5D8C2C8CD5DF}.AppStore|x64.ActiveCfg = Release|Any CPU
		{B800DF8A-7E3A-4018-AF2F-5D8C2C8CD5DF}.AppStore|x64.Build.0 = Release|Any CPU
		{B800DF8A-7E3A-4018-AF2F-5D8C2C8CD5DF}.AppStore|x86.ActiveCfg = Release|Any CPU
		{B800DF8A-7E3A-4018-AF2F-5D8C2C8CD5DF}.AppStore|x86.Build.0 = Release|Any CPU
		{B800DF8A-7E3A-4018-AF2F-5D8C2C8CD5DF}.Debug|Any CPU.ActiveCfg = Debug|Any CPU
		{B800DF8A-7E3A-4018-AF2F-5D8C2C8CD5DF}.Debug|Any CPU.Build.0 = Debug|Any CPU
		{B800DF8A-7E3A-4018-AF2F-5D8C2C8CD5DF}.Debug|ARM.ActiveCfg = Debug|Any CPU
		{B800DF8A-7E3A-4018-AF2F-5D8C2C8CD5DF}.Debug|ARM.Build.0 = Debug|Any CPU
		{B800DF8A-7E3A-4018-AF2F-5D8C2C8CD5DF}.Debug|iPhone.ActiveCfg = Debug|Any CPU
		{B800DF8A-7E3A-4018-AF2F-5D8C2C8CD5DF}.Debug|iPhone.Build.0 = Debug|Any CPU
		{B800DF8A-7E3A-4018-AF2F-5D8C2C8CD5DF}.Debug|iPhoneSimulator.ActiveCfg = Debug|Any CPU
		{B800DF8A-7E3A-4018-AF2F-5D8C2C8CD5DF}.Debug|iPhoneSimulator.Build.0 = Debug|Any CPU
		{B800DF8A-7E3A-4018-AF2F-5D8C2C8CD5DF}.Debug|x64.ActiveCfg = Debug|Any CPU
		{B800DF8A-7E3A-4018-AF2F-5D8C2C8CD5DF}.Debug|x64.Build.0 = Debug|Any CPU
		{B800DF8A-7E3A-4018-AF2F-5D8C2C8CD5DF}.Debug|x86.ActiveCfg = Debug|Any CPU
		{B800DF8A-7E3A-4018-AF2F-5D8C2C8CD5DF}.Debug|x86.Build.0 = Debug|Any CPU
		{B800DF8A-7E3A-4018-AF2F-5D8C2C8CD5DF}.Release|Any CPU.ActiveCfg = Release|Any CPU
		{B800DF8A-7E3A-4018-AF2F-5D8C2C8CD5DF}.Release|Any CPU.Build.0 = Release|Any CPU
		{B800DF8A-7E3A-4018-AF2F-5D8C2C8CD5DF}.Release|ARM.ActiveCfg = Release|Any CPU
		{B800DF8A-7E3A-4018-AF2F-5D8C2C8CD5DF}.Release|ARM.Build.0 = Release|Any CPU
		{B800DF8A-7E3A-4018-AF2F-5D8C2C8CD5DF}.Release|iPhone.ActiveCfg = Release|Any CPU
		{B800DF8A-7E3A-4018-AF2F-5D8C2C8CD5DF}.Release|iPhone.Build.0 = Release|Any CPU
		{B800DF8A-7E3A-4018-AF2F-5D8C2C8CD5DF}.Release|iPhoneSimulator.ActiveCfg = Release|Any CPU
		{B800DF8A-7E3A-4018-AF2F-5D8C2C8CD5DF}.Release|iPhoneSimulator.Build.0 = Release|Any CPU
		{B800DF8A-7E3A-4018-AF2F-5D8C2C8CD5DF}.Release|x64.ActiveCfg = Release|Any CPU
		{B800DF8A-7E3A-4018-AF2F-5D8C2C8CD5DF}.Release|x64.Build.0 = Release|Any CPU
		{B800DF8A-7E3A-4018-AF2F-5D8C2C8CD5DF}.Release|x86.ActiveCfg = Release|Any CPU
		{B800DF8A-7E3A-4018-AF2F-5D8C2C8CD5DF}.Release|x86.Build.0 = Release|Any CPU
		{93E00240-C604-4B2C-B892-9BEDA2848B13}.Ad-Hoc|Any CPU.ActiveCfg = Release|x86
		{93E00240-C604-4B2C-B892-9BEDA2848B13}.Ad-Hoc|Any CPU.Build.0 = Release|x86
		{93E00240-C604-4B2C-B892-9BEDA2848B13}.Ad-Hoc|Any CPU.Deploy.0 = Release|x86
		{93E00240-C604-4B2C-B892-9BEDA2848B13}.Ad-Hoc|ARM.ActiveCfg = Release|ARM
		{93E00240-C604-4B2C-B892-9BEDA2848B13}.Ad-Hoc|ARM.Build.0 = Release|ARM
		{93E00240-C604-4B2C-B892-9BEDA2848B13}.Ad-Hoc|ARM.Deploy.0 = Release|ARM
		{93E00240-C604-4B2C-B892-9BEDA2848B13}.Ad-Hoc|iPhone.ActiveCfg = Release|x86
		{93E00240-C604-4B2C-B892-9BEDA2848B13}.Ad-Hoc|iPhone.Build.0 = Release|x86
		{93E00240-C604-4B2C-B892-9BEDA2848B13}.Ad-Hoc|iPhone.Deploy.0 = Release|x86
		{93E00240-C604-4B2C-B892-9BEDA2848B13}.Ad-Hoc|iPhoneSimulator.ActiveCfg = Release|x86
		{93E00240-C604-4B2C-B892-9BEDA2848B13}.Ad-Hoc|iPhoneSimulator.Build.0 = Release|x86
		{93E00240-C604-4B2C-B892-9BEDA2848B13}.Ad-Hoc|iPhoneSimulator.Deploy.0 = Release|x86
		{93E00240-C604-4B2C-B892-9BEDA2848B13}.Ad-Hoc|x64.ActiveCfg = Release|x64
		{93E00240-C604-4B2C-B892-9BEDA2848B13}.Ad-Hoc|x64.Build.0 = Release|x64
		{93E00240-C604-4B2C-B892-9BEDA2848B13}.Ad-Hoc|x64.Deploy.0 = Release|x64
		{93E00240-C604-4B2C-B892-9BEDA2848B13}.Ad-Hoc|x86.ActiveCfg = Release|x86
		{93E00240-C604-4B2C-B892-9BEDA2848B13}.Ad-Hoc|x86.Build.0 = Release|x86
		{93E00240-C604-4B2C-B892-9BEDA2848B13}.Ad-Hoc|x86.Deploy.0 = Release|x86
		{93E00240-C604-4B2C-B892-9BEDA2848B13}.AppStore|Any CPU.ActiveCfg = Release|x86
		{93E00240-C604-4B2C-B892-9BEDA2848B13}.AppStore|Any CPU.Build.0 = Release|x86
		{93E00240-C604-4B2C-B892-9BEDA2848B13}.AppStore|Any CPU.Deploy.0 = Release|x86
		{93E00240-C604-4B2C-B892-9BEDA2848B13}.AppStore|ARM.ActiveCfg = Release|ARM
		{93E00240-C604-4B2C-B892-9BEDA2848B13}.AppStore|ARM.Build.0 = Release|ARM
		{93E00240-C604-4B2C-B892-9BEDA2848B13}.AppStore|ARM.Deploy.0 = Release|ARM
		{93E00240-C604-4B2C-B892-9BEDA2848B13}.AppStore|iPhone.ActiveCfg = Release|x86
		{93E00240-C604-4B2C-B892-9BEDA2848B13}.AppStore|iPhone.Build.0 = Release|x86
		{93E00240-C604-4B2C-B892-9BEDA2848B13}.AppStore|iPhone.Deploy.0 = Release|x86
		{93E00240-C604-4B2C-B892-9BEDA2848B13}.AppStore|iPhoneSimulator.ActiveCfg = Release|x86
		{93E00240-C604-4B2C-B892-9BEDA2848B13}.AppStore|iPhoneSimulator.Build.0 = Release|x86
		{93E00240-C604-4B2C-B892-9BEDA2848B13}.AppStore|iPhoneSimulator.Deploy.0 = Release|x86
		{93E00240-C604-4B2C-B892-9BEDA2848B13}.AppStore|x64.ActiveCfg = Release|x64
		{93E00240-C604-4B2C-B892-9BEDA2848B13}.AppStore|x64.Build.0 = Release|x64
		{93E00240-C604-4B2C-B892-9BEDA2848B13}.AppStore|x64.Deploy.0 = Release|x64
		{93E00240-C604-4B2C-B892-9BEDA2848B13}.AppStore|x86.ActiveCfg = Release|x86
		{93E00240-C604-4B2C-B892-9BEDA2848B13}.AppStore|x86.Build.0 = Release|x86
		{93E00240-C604-4B2C-B892-9BEDA2848B13}.AppStore|x86.Deploy.0 = Release|x86
		{93E00240-C604-4B2C-B892-9BEDA2848B13}.Debug|Any CPU.ActiveCfg = Debug|x86
		{93E00240-C604-4B2C-B892-9BEDA2848B13}.Debug|ARM.ActiveCfg = Debug|ARM
		{93E00240-C604-4B2C-B892-9BEDA2848B13}.Debug|ARM.Build.0 = Debug|ARM
		{93E00240-C604-4B2C-B892-9BEDA2848B13}.Debug|ARM.Deploy.0 = Debug|ARM
		{93E00240-C604-4B2C-B892-9BEDA2848B13}.Debug|iPhone.ActiveCfg = Debug|x86
		{93E00240-C604-4B2C-B892-9BEDA2848B13}.Debug|iPhoneSimulator.ActiveCfg = Debug|x86
		{93E00240-C604-4B2C-B892-9BEDA2848B13}.Debug|x64.ActiveCfg = Debug|x64
		{93E00240-C604-4B2C-B892-9BEDA2848B13}.Debug|x64.Build.0 = Debug|x64
		{93E00240-C604-4B2C-B892-9BEDA2848B13}.Debug|x64.Deploy.0 = Debug|x64
		{93E00240-C604-4B2C-B892-9BEDA2848B13}.Debug|x86.ActiveCfg = Debug|x86
		{93E00240-C604-4B2C-B892-9BEDA2848B13}.Debug|x86.Build.0 = Debug|x86
		{93E00240-C604-4B2C-B892-9BEDA2848B13}.Debug|x86.Deploy.0 = Debug|x86
		{93E00240-C604-4B2C-B892-9BEDA2848B13}.Release|Any CPU.ActiveCfg = Release|x86
		{93E00240-C604-4B2C-B892-9BEDA2848B13}.Release|ARM.ActiveCfg = Release|ARM
		{93E00240-C604-4B2C-B892-9BEDA2848B13}.Release|ARM.Build.0 = Release|ARM
		{93E00240-C604-4B2C-B892-9BEDA2848B13}.Release|ARM.Deploy.0 = Release|ARM
		{93E00240-C604-4B2C-B892-9BEDA2848B13}.Release|iPhone.ActiveCfg = Release|x86
		{93E00240-C604-4B2C-B892-9BEDA2848B13}.Release|iPhoneSimulator.ActiveCfg = Release|x86
		{93E00240-C604-4B2C-B892-9BEDA2848B13}.Release|x64.ActiveCfg = Release|x64
		{93E00240-C604-4B2C-B892-9BEDA2848B13}.Release|x64.Build.0 = Release|x64
		{93E00240-C604-4B2C-B892-9BEDA2848B13}.Release|x64.Deploy.0 = Release|x64
		{93E00240-C604-4B2C-B892-9BEDA2848B13}.Release|x86.ActiveCfg = Release|x86
		{93E00240-C604-4B2C-B892-9BEDA2848B13}.Release|x86.Build.0 = Release|x86
		{93E00240-C604-4B2C-B892-9BEDA2848B13}.Release|x86.Deploy.0 = Release|x86
		{49C747F3-49FD-447D-8194-3233D33F4901}.Ad-Hoc|Any CPU.ActiveCfg = Ad-Hoc|iPhone
		{49C747F3-49FD-447D-8194-3233D33F4901}.Ad-Hoc|ARM.ActiveCfg = Ad-Hoc|iPhone
		{49C747F3-49FD-447D-8194-3233D33F4901}.Ad-Hoc|iPhone.ActiveCfg = Ad-Hoc|iPhone
		{49C747F3-49FD-447D-8194-3233D33F4901}.Ad-Hoc|iPhone.Build.0 = Ad-Hoc|iPhone
		{49C747F3-49FD-447D-8194-3233D33F4901}.Ad-Hoc|iPhoneSimulator.ActiveCfg = Ad-Hoc|iPhoneSimulator
		{49C747F3-49FD-447D-8194-3233D33F4901}.Ad-Hoc|iPhoneSimulator.Build.0 = Ad-Hoc|iPhoneSimulator
		{49C747F3-49FD-447D-8194-3233D33F4901}.Ad-Hoc|x64.ActiveCfg = Ad-Hoc|iPhone
		{49C747F3-49FD-447D-8194-3233D33F4901}.Ad-Hoc|x86.ActiveCfg = Ad-Hoc|iPhone
		{49C747F3-49FD-447D-8194-3233D33F4901}.AppStore|Any CPU.ActiveCfg = AppStore|iPhone
		{49C747F3-49FD-447D-8194-3233D33F4901}.AppStore|ARM.ActiveCfg = AppStore|iPhone
		{49C747F3-49FD-447D-8194-3233D33F4901}.AppStore|iPhone.ActiveCfg = AppStore|iPhone
		{49C747F3-49FD-447D-8194-3233D33F4901}.AppStore|iPhone.Build.0 = AppStore|iPhone
		{49C747F3-49FD-447D-8194-3233D33F4901}.AppStore|iPhoneSimulator.ActiveCfg = AppStore|iPhoneSimulator
		{49C747F3-49FD-447D-8194-3233D33F4901}.AppStore|iPhoneSimulator.Build.0 = AppStore|iPhoneSimulator
		{49C747F3-49FD-447D-8194-3233D33F4901}.AppStore|x64.ActiveCfg = AppStore|iPhone
		{49C747F3-49FD-447D-8194-3233D33F4901}.AppStore|x86.ActiveCfg = AppStore|iPhone
		{49C747F3-49FD-447D-8194-3233D33F4901}.Debug|Any CPU.ActiveCfg = Debug|iPhone
		{49C747F3-49FD-447D-8194-3233D33F4901}.Debug|ARM.ActiveCfg = Debug|iPhone
		{49C747F3-49FD-447D-8194-3233D33F4901}.Debug|iPhone.ActiveCfg = Debug|iPhone
		{49C747F3-49FD-447D-8194-3233D33F4901}.Debug|iPhone.Build.0 = Debug|iPhone
		{49C747F3-49FD-447D-8194-3233D33F4901}.Debug|iPhoneSimulator.ActiveCfg = Debug|iPhoneSimulator
		{49C747F3-49FD-447D-8194-3233D33F4901}.Debug|iPhoneSimulator.Build.0 = Debug|iPhoneSimulator
		{49C747F3-49FD-447D-8194-3233D33F4901}.Debug|x64.ActiveCfg = Debug|iPhone
		{49C747F3-49FD-447D-8194-3233D33F4901}.Debug|x86.ActiveCfg = Debug|iPhone
		{49C747F3-49FD-447D-8194-3233D33F4901}.Debug|x86.Build.0 = Debug|iPhone
		{49C747F3-49FD-447D-8194-3233D33F4901}.Release|Any CPU.ActiveCfg = Release|iPhone
		{49C747F3-49FD-447D-8194-3233D33F4901}.Release|ARM.ActiveCfg = Release|iPhone
		{49C747F3-49FD-447D-8194-3233D33F4901}.Release|iPhone.ActiveCfg = Release|iPhone
		{49C747F3-49FD-447D-8194-3233D33F4901}.Release|iPhone.Build.0 = Release|iPhone
		{49C747F3-49FD-447D-8194-3233D33F4901}.Release|iPhoneSimulator.ActiveCfg = Release|iPhoneSimulator
		{49C747F3-49FD-447D-8194-3233D33F4901}.Release|iPhoneSimulator.Build.0 = Release|iPhoneSimulator
		{49C747F3-49FD-447D-8194-3233D33F4901}.Release|x64.ActiveCfg = Release|iPhone
		{49C747F3-49FD-447D-8194-3233D33F4901}.Release|x86.ActiveCfg = Release|iPhone
		{4BFF2883-6936-4C07-807B-0EB5F5D729D0}.Ad-Hoc|Any CPU.ActiveCfg = Release|Any CPU
		{4BFF2883-6936-4C07-807B-0EB5F5D729D0}.Ad-Hoc|Any CPU.Build.0 = Release|Any CPU
		{4BFF2883-6936-4C07-807B-0EB5F5D729D0}.Ad-Hoc|ARM.ActiveCfg = Release|Any CPU
		{4BFF2883-6936-4C07-807B-0EB5F5D729D0}.Ad-Hoc|ARM.Build.0 = Release|Any CPU
		{4BFF2883-6936-4C07-807B-0EB5F5D729D0}.Ad-Hoc|iPhone.ActiveCfg = Release|Any CPU
		{4BFF2883-6936-4C07-807B-0EB5F5D729D0}.Ad-Hoc|iPhone.Build.0 = Release|Any CPU
		{4BFF2883-6936-4C07-807B-0EB5F5D729D0}.Ad-Hoc|iPhoneSimulator.ActiveCfg = Release|Any CPU
		{4BFF2883-6936-4C07-807B-0EB5F5D729D0}.Ad-Hoc|iPhoneSimulator.Build.0 = Release|Any CPU
		{4BFF2883-6936-4C07-807B-0EB5F5D729D0}.Ad-Hoc|x64.ActiveCfg = Release|Any CPU
		{4BFF2883-6936-4C07-807B-0EB5F5D729D0}.Ad-Hoc|x64.Build.0 = Release|Any CPU
		{4BFF2883-6936-4C07-807B-0EB5F5D729D0}.Ad-Hoc|x86.ActiveCfg = Release|Any CPU
		{4BFF2883-6936-4C07-807B-0EB5F5D729D0}.Ad-Hoc|x86.Build.0 = Release|Any CPU
		{4BFF2883-6936-4C07-807B-0EB5F5D729D0}.AppStore|Any CPU.ActiveCfg = Release|Any CPU
		{4BFF2883-6936-4C07-807B-0EB5F5D729D0}.AppStore|Any CPU.Build.0 = Release|Any CPU
		{4BFF2883-6936-4C07-807B-0EB5F5D729D0}.AppStore|ARM.ActiveCfg = Release|Any CPU
		{4BFF2883-6936-4C07-807B-0EB5F5D729D0}.AppStore|ARM.Build.0 = Release|Any CPU
		{4BFF2883-6936-4C07-807B-0EB5F5D729D0}.AppStore|iPhone.ActiveCfg = Release|Any CPU
		{4BFF2883-6936-4C07-807B-0EB5F5D729D0}.AppStore|iPhone.Build.0 = Release|Any CPU
		{4BFF2883-6936-4C07-807B-0EB5F5D729D0}.AppStore|iPhoneSimulator.ActiveCfg = Release|Any CPU
		{4BFF2883-6936-4C07-807B-0EB5F5D729D0}.AppStore|iPhoneSimulator.Build.0 = Release|Any CPU
		{4BFF2883-6936-4C07-807B-0EB5F5D729D0}.AppStore|x64.ActiveCfg = Release|Any CPU
		{4BFF2883-6936-4C07-807B-0EB5F5D729D0}.AppStore|x64.Build.0 = Release|Any CPU
		{4BFF2883-6936-4C07-807B-0EB5F5D729D0}.AppStore|x86.ActiveCfg = Release|Any CPU
		{4BFF2883-6936-4C07-807B-0EB5F5D729D0}.AppStore|x86.Build.0 = Release|Any CPU
		{4BFF2883-6936-4C07-807B-0EB5F5D729D0}.Debug|Any CPU.ActiveCfg = Debug|Any CPU
		{4BFF2883-6936-4C07-807B-0EB5F5D729D0}.Debug|Any CPU.Build.0 = Debug|Any CPU
		{4BFF2883-6936-4C07-807B-0EB5F5D729D0}.Debug|ARM.ActiveCfg = Debug|Any CPU
		{4BFF2883-6936-4C07-807B-0EB5F5D729D0}.Debug|ARM.Build.0 = Debug|Any CPU
		{4BFF2883-6936-4C07-807B-0EB5F5D729D0}.Debug|iPhone.ActiveCfg = Debug|Any CPU
		{4BFF2883-6936-4C07-807B-0EB5F5D729D0}.Debug|iPhone.Build.0 = Debug|Any CPU
		{4BFF2883-6936-4C07-807B-0EB5F5D729D0}.Debug|iPhoneSimulator.ActiveCfg = Debug|Any CPU
		{4BFF2883-6936-4C07-807B-0EB5F5D729D0}.Debug|iPhoneSimulator.Build.0 = Debug|Any CPU
		{4BFF2883-6936-4C07-807B-0EB5F5D729D0}.Debug|x64.ActiveCfg = Debug|Any CPU
		{4BFF2883-6936-4C07-807B-0EB5F5D729D0}.Debug|x64.Build.0 = Debug|Any CPU
		{4BFF2883-6936-4C07-807B-0EB5F5D729D0}.Debug|x86.ActiveCfg = Debug|Any CPU
		{4BFF2883-6936-4C07-807B-0EB5F5D729D0}.Debug|x86.Build.0 = Debug|Any CPU
		{4BFF2883-6936-4C07-807B-0EB5F5D729D0}.Release|Any CPU.ActiveCfg = Release|Any CPU
		{4BFF2883-6936-4C07-807B-0EB5F5D729D0}.Release|Any CPU.Build.0 = Release|Any CPU
		{4BFF2883-6936-4C07-807B-0EB5F5D729D0}.Release|ARM.ActiveCfg = Release|Any CPU
		{4BFF2883-6936-4C07-807B-0EB5F5D729D0}.Release|ARM.Build.0 = Release|Any CPU
		{4BFF2883-6936-4C07-807B-0EB5F5D729D0}.Release|iPhone.ActiveCfg = Release|Any CPU
		{4BFF2883-6936-4C07-807B-0EB5F5D729D0}.Release|iPhone.Build.0 = Release|Any CPU
		{4BFF2883-6936-4C07-807B-0EB5F5D729D0}.Release|iPhoneSimulator.ActiveCfg = Release|Any CPU
		{4BFF2883-6936-4C07-807B-0EB5F5D729D0}.Release|iPhoneSimulator.Build.0 = Release|Any CPU
		{4BFF2883-6936-4C07-807B-0EB5F5D729D0}.Release|x64.ActiveCfg = Release|Any CPU
		{4BFF2883-6936-4C07-807B-0EB5F5D729D0}.Release|x64.Build.0 = Release|Any CPU
		{4BFF2883-6936-4C07-807B-0EB5F5D729D0}.Release|x86.ActiveCfg = Release|Any CPU
		{4BFF2883-6936-4C07-807B-0EB5F5D729D0}.Release|x86.Build.0 = Release|Any CPU
		{9D0F46CC-793B-4A82-B2DD-FED9E5512B2E}.Ad-Hoc|Any CPU.ActiveCfg = Release|Any CPU
		{9D0F46CC-793B-4A82-B2DD-FED9E5512B2E}.Ad-Hoc|Any CPU.Build.0 = Release|Any CPU
		{9D0F46CC-793B-4A82-B2DD-FED9E5512B2E}.Ad-Hoc|ARM.ActiveCfg = Release|Any CPU
		{9D0F46CC-793B-4A82-B2DD-FED9E5512B2E}.Ad-Hoc|ARM.Build.0 = Release|Any CPU
		{9D0F46CC-793B-4A82-B2DD-FED9E5512B2E}.Ad-Hoc|iPhone.ActiveCfg = Release|Any CPU
		{9D0F46CC-793B-4A82-B2DD-FED9E5512B2E}.Ad-Hoc|iPhone.Build.0 = Release|Any CPU
		{9D0F46CC-793B-4A82-B2DD-FED9E5512B2E}.Ad-Hoc|iPhoneSimulator.ActiveCfg = Release|Any CPU
		{9D0F46CC-793B-4A82-B2DD-FED9E5512B2E}.Ad-Hoc|iPhoneSimulator.Build.0 = Release|Any CPU
		{9D0F46CC-793B-4A82-B2DD-FED9E5512B2E}.Ad-Hoc|x64.ActiveCfg = Release|Any CPU
		{9D0F46CC-793B-4A82-B2DD-FED9E5512B2E}.Ad-Hoc|x64.Build.0 = Release|Any CPU
		{9D0F46CC-793B-4A82-B2DD-FED9E5512B2E}.Ad-Hoc|x86.ActiveCfg = Release|Any CPU
		{9D0F46CC-793B-4A82-B2DD-FED9E5512B2E}.Ad-Hoc|x86.Build.0 = Release|Any CPU
		{9D0F46CC-793B-4A82-B2DD-FED9E5512B2E}.AppStore|Any CPU.ActiveCfg = Release|Any CPU
		{9D0F46CC-793B-4A82-B2DD-FED9E5512B2E}.AppStore|Any CPU.Build.0 = Release|Any CPU
		{9D0F46CC-793B-4A82-B2DD-FED9E5512B2E}.AppStore|ARM.ActiveCfg = Release|Any CPU
		{9D0F46CC-793B-4A82-B2DD-FED9E5512B2E}.AppStore|ARM.Build.0 = Release|Any CPU
		{9D0F46CC-793B-4A82-B2DD-FED9E5512B2E}.AppStore|iPhone.ActiveCfg = Release|Any CPU
		{9D0F46CC-793B-4A82-B2DD-FED9E5512B2E}.AppStore|iPhone.Build.0 = Release|Any CPU
		{9D0F46CC-793B-4A82-B2DD-FED9E5512B2E}.AppStore|iPhoneSimulator.ActiveCfg = Release|Any CPU
		{9D0F46CC-793B-4A82-B2DD-FED9E5512B2E}.AppStore|iPhoneSimulator.Build.0 = Release|Any CPU
		{9D0F46CC-793B-4A82-B2DD-FED9E5512B2E}.AppStore|x64.ActiveCfg = Release|Any CPU
		{9D0F46CC-793B-4A82-B2DD-FED9E5512B2E}.AppStore|x64.Build.0 = Release|Any CPU
		{9D0F46CC-793B-4A82-B2DD-FED9E5512B2E}.AppStore|x86.ActiveCfg = Release|Any CPU
		{9D0F46CC-793B-4A82-B2DD-FED9E5512B2E}.AppStore|x86.Build.0 = Release|Any CPU
		{9D0F46CC-793B-4A82-B2DD-FED9E5512B2E}.Debug|Any CPU.ActiveCfg = Debug|Any CPU
		{9D0F46CC-793B-4A82-B2DD-FED9E5512B2E}.Debug|Any CPU.Build.0 = Debug|Any CPU
		{9D0F46CC-793B-4A82-B2DD-FED9E5512B2E}.Debug|ARM.ActiveCfg = Debug|Any CPU
		{9D0F46CC-793B-4A82-B2DD-FED9E5512B2E}.Debug|ARM.Build.0 = Debug|Any CPU
		{9D0F46CC-793B-4A82-B2DD-FED9E5512B2E}.Debug|iPhone.ActiveCfg = Debug|Any CPU
		{9D0F46CC-793B-4A82-B2DD-FED9E5512B2E}.Debug|iPhone.Build.0 = Debug|Any CPU
		{9D0F46CC-793B-4A82-B2DD-FED9E5512B2E}.Debug|iPhoneSimulator.ActiveCfg = Debug|Any CPU
		{9D0F46CC-793B-4A82-B2DD-FED9E5512B2E}.Debug|iPhoneSimulator.Build.0 = Debug|Any CPU
		{9D0F46CC-793B-4A82-B2DD-FED9E5512B2E}.Debug|x64.ActiveCfg = Debug|Any CPU
		{9D0F46CC-793B-4A82-B2DD-FED9E5512B2E}.Debug|x64.Build.0 = Debug|Any CPU
		{9D0F46CC-793B-4A82-B2DD-FED9E5512B2E}.Debug|x86.ActiveCfg = Debug|Any CPU
		{9D0F46CC-793B-4A82-B2DD-FED9E5512B2E}.Debug|x86.Build.0 = Debug|Any CPU
		{9D0F46CC-793B-4A82-B2DD-FED9E5512B2E}.Release|Any CPU.ActiveCfg = Release|Any CPU
		{9D0F46CC-793B-4A82-B2DD-FED9E5512B2E}.Release|Any CPU.Build.0 = Release|Any CPU
		{9D0F46CC-793B-4A82-B2DD-FED9E5512B2E}.Release|ARM.ActiveCfg = Release|Any CPU
		{9D0F46CC-793B-4A82-B2DD-FED9E5512B2E}.Release|ARM.Build.0 = Release|Any CPU
		{9D0F46CC-793B-4A82-B2DD-FED9E5512B2E}.Release|iPhone.ActiveCfg = Release|Any CPU
		{9D0F46CC-793B-4A82-B2DD-FED9E5512B2E}.Release|iPhone.Build.0 = Release|Any CPU
		{9D0F46CC-793B-4A82-B2DD-FED9E5512B2E}.Release|iPhoneSimulator.ActiveCfg = Release|Any CPU
		{9D0F46CC-793B-4A82-B2DD-FED9E5512B2E}.Release|iPhoneSimulator.Build.0 = Release|Any CPU
		{9D0F46CC-793B-4A82-B2DD-FED9E5512B2E}.Release|x64.ActiveCfg = Release|Any CPU
		{9D0F46CC-793B-4A82-B2DD-FED9E5512B2E}.Release|x64.Build.0 = Release|Any CPU
		{9D0F46CC-793B-4A82-B2DD-FED9E5512B2E}.Release|x86.ActiveCfg = Release|Any CPU
		{9D0F46CC-793B-4A82-B2DD-FED9E5512B2E}.Release|x86.Build.0 = Release|Any CPU
		{2B2191A6-EFCB-4AEC-856B-BAB0C7716B95}.Ad-Hoc|Any CPU.ActiveCfg = Release|Any CPU
		{2B2191A6-EFCB-4AEC-856B-BAB0C7716B95}.Ad-Hoc|Any CPU.Build.0 = Release|Any CPU
		{2B2191A6-EFCB-4AEC-856B-BAB0C7716B95}.Ad-Hoc|ARM.ActiveCfg = Release|ARM
		{2B2191A6-EFCB-4AEC-856B-BAB0C7716B95}.Ad-Hoc|ARM.Build.0 = Release|ARM
		{2B2191A6-EFCB-4AEC-856B-BAB0C7716B95}.Ad-Hoc|iPhone.ActiveCfg = Release|Any CPU
		{2B2191A6-EFCB-4AEC-856B-BAB0C7716B95}.Ad-Hoc|iPhone.Build.0 = Release|Any CPU
		{2B2191A6-EFCB-4AEC-856B-BAB0C7716B95}.Ad-Hoc|iPhoneSimulator.ActiveCfg = Release|Any CPU
		{2B2191A6-EFCB-4AEC-856B-BAB0C7716B95}.Ad-Hoc|iPhoneSimulator.Build.0 = Release|Any CPU
		{2B2191A6-EFCB-4AEC-856B-BAB0C7716B95}.Ad-Hoc|x64.ActiveCfg = Release|x64
		{2B2191A6-EFCB-4AEC-856B-BAB0C7716B95}.Ad-Hoc|x64.Build.0 = Release|x64
		{2B2191A6-EFCB-4AEC-856B-BAB0C7716B95}.Ad-Hoc|x86.ActiveCfg = Release|x86
		{2B2191A6-EFCB-4AEC-856B-BAB0C7716B95}.Ad-Hoc|x86.Build.0 = Release|x86
		{2B2191A6-EFCB-4AEC-856B-BAB0C7716B95}.AppStore|Any CPU.ActiveCfg = Release|Any CPU
		{2B2191A6-EFCB-4AEC-856B-BAB0C7716B95}.AppStore|Any CPU.Build.0 = Release|Any CPU
		{2B2191A6-EFCB-4AEC-856B-BAB0C7716B95}.AppStore|ARM.ActiveCfg = Release|ARM
		{2B2191A6-EFCB-4AEC-856B-BAB0C7716B95}.AppStore|ARM.Build.0 = Release|ARM
		{2B2191A6-EFCB-4AEC-856B-BAB0C7716B95}.AppStore|iPhone.ActiveCfg = Release|Any CPU
		{2B2191A6-EFCB-4AEC-856B-BAB0C7716B95}.AppStore|iPhone.Build.0 = Release|Any CPU
		{2B2191A6-EFCB-4AEC-856B-BAB0C7716B95}.AppStore|iPhoneSimulator.ActiveCfg = Release|Any CPU
		{2B2191A6-EFCB-4AEC-856B-BAB0C7716B95}.AppStore|iPhoneSimulator.Build.0 = Release|Any CPU
		{2B2191A6-EFCB-4AEC-856B-BAB0C7716B95}.AppStore|x64.ActiveCfg = Release|x64
		{2B2191A6-EFCB-4AEC-856B-BAB0C7716B95}.AppStore|x64.Build.0 = Release|x64
		{2B2191A6-EFCB-4AEC-856B-BAB0C7716B95}.AppStore|x86.ActiveCfg = Release|x86
		{2B2191A6-EFCB-4AEC-856B-BAB0C7716B95}.AppStore|x86.Build.0 = Release|x86
		{2B2191A6-EFCB-4AEC-856B-BAB0C7716B95}.Debug|Any CPU.ActiveCfg = Debug|Any CPU
		{2B2191A6-EFCB-4AEC-856B-BAB0C7716B95}.Debug|Any CPU.Build.0 = Debug|Any CPU
		{2B2191A6-EFCB-4AEC-856B-BAB0C7716B95}.Debug|ARM.ActiveCfg = Debug|ARM
		{2B2191A6-EFCB-4AEC-856B-BAB0C7716B95}.Debug|ARM.Build.0 = Debug|ARM
		{2B2191A6-EFCB-4AEC-856B-BAB0C7716B95}.Debug|iPhone.ActiveCfg = Debug|Any CPU
		{2B2191A6-EFCB-4AEC-856B-BAB0C7716B95}.Debug|iPhone.Build.0 = Debug|Any CPU
		{2B2191A6-EFCB-4AEC-856B-BAB0C7716B95}.Debug|iPhoneSimulator.ActiveCfg = Debug|Any CPU
		{2B2191A6-EFCB-4AEC-856B-BAB0C7716B95}.Debug|iPhoneSimulator.Build.0 = Debug|Any CPU
		{2B2191A6-EFCB-4AEC-856B-BAB0C7716B95}.Debug|x64.ActiveCfg = Debug|x64
		{2B2191A6-EFCB-4AEC-856B-BAB0C7716B95}.Debug|x64.Build.0 = Debug|x64
		{2B2191A6-EFCB-4AEC-856B-BAB0C7716B95}.Debug|x86.ActiveCfg = Debug|x86
		{2B2191A6-EFCB-4AEC-856B-BAB0C7716B95}.Debug|x86.Build.0 = Debug|x86
		{2B2191A6-EFCB-4AEC-856B-BAB0C7716B95}.Release|Any CPU.ActiveCfg = Release|Any CPU
		{2B2191A6-EFCB-4AEC-856B-BAB0C7716B95}.Release|Any CPU.Build.0 = Release|Any CPU
		{2B2191A6-EFCB-4AEC-856B-BAB0C7716B95}.Release|ARM.ActiveCfg = Release|ARM
		{2B2191A6-EFCB-4AEC-856B-BAB0C7716B95}.Release|ARM.Build.0 = Release|ARM
		{2B2191A6-EFCB-4AEC-856B-BAB0C7716B95}.Release|iPhone.ActiveCfg = Release|Any CPU
		{2B2191A6-EFCB-4AEC-856B-BAB0C7716B95}.Release|iPhone.Build.0 = Release|Any CPU
		{2B2191A6-EFCB-4AEC-856B-BAB0C7716B95}.Release|iPhoneSimulator.ActiveCfg = Release|Any CPU
		{2B2191A6-EFCB-4AEC-856B-BAB0C7716B95}.Release|iPhoneSimulator.Build.0 = Release|Any CPU
		{2B2191A6-EFCB-4AEC-856B-BAB0C7716B95}.Release|x64.ActiveCfg = Release|x64
		{2B2191A6-EFCB-4AEC-856B-BAB0C7716B95}.Release|x64.Build.0 = Release|x64
		{2B2191A6-EFCB-4AEC-856B-BAB0C7716B95}.Release|x86.ActiveCfg = Release|x86
		{2B2191A6-EFCB-4AEC-856B-BAB0C7716B95}.Release|x86.Build.0 = Release|x86
		{878862BD-1816-4F41-B715-85C4F43AF9FA}.Ad-Hoc|Any CPU.ActiveCfg = Release|Any CPU
		{878862BD-1816-4F41-B715-85C4F43AF9FA}.Ad-Hoc|Any CPU.Build.0 = Release|Any CPU
		{878862BD-1816-4F41-B715-85C4F43AF9FA}.Ad-Hoc|ARM.ActiveCfg = Release|Any CPU
		{878862BD-1816-4F41-B715-85C4F43AF9FA}.Ad-Hoc|ARM.Build.0 = Release|Any CPU
		{878862BD-1816-4F41-B715-85C4F43AF9FA}.Ad-Hoc|iPhone.ActiveCfg = Release|Any CPU
		{878862BD-1816-4F41-B715-85C4F43AF9FA}.Ad-Hoc|iPhone.Build.0 = Release|Any CPU
		{878862BD-1816-4F41-B715-85C4F43AF9FA}.Ad-Hoc|iPhoneSimulator.ActiveCfg = Release|Any CPU
		{878862BD-1816-4F41-B715-85C4F43AF9FA}.Ad-Hoc|iPhoneSimulator.Build.0 = Release|Any CPU
		{878862BD-1816-4F41-B715-85C4F43AF9FA}.Ad-Hoc|x64.ActiveCfg = Release|Any CPU
		{878862BD-1816-4F41-B715-85C4F43AF9FA}.Ad-Hoc|x64.Build.0 = Release|Any CPU
		{878862BD-1816-4F41-B715-85C4F43AF9FA}.Ad-Hoc|x86.ActiveCfg = Release|Any CPU
		{878862BD-1816-4F41-B715-85C4F43AF9FA}.Ad-Hoc|x86.Build.0 = Release|Any CPU
		{878862BD-1816-4F41-B715-85C4F43AF9FA}.AppStore|Any CPU.ActiveCfg = Release|Any CPU
		{878862BD-1816-4F41-B715-85C4F43AF9FA}.AppStore|Any CPU.Build.0 = Release|Any CPU
		{878862BD-1816-4F41-B715-85C4F43AF9FA}.AppStore|ARM.ActiveCfg = Release|Any CPU
		{878862BD-1816-4F41-B715-85C4F43AF9FA}.AppStore|ARM.Build.0 = Release|Any CPU
		{878862BD-1816-4F41-B715-85C4F43AF9FA}.AppStore|iPhone.ActiveCfg = Release|Any CPU
		{878862BD-1816-4F41-B715-85C4F43AF9FA}.AppStore|iPhone.Build.0 = Release|Any CPU
		{878862BD-1816-4F41-B715-85C4F43AF9FA}.AppStore|iPhoneSimulator.ActiveCfg = Release|Any CPU
		{878862BD-1816-4F41-B715-85C4F43AF9FA}.AppStore|iPhoneSimulator.Build.0 = Release|Any CPU
		{878862BD-1816-4F41-B715-85C4F43AF9FA}.AppStore|x64.ActiveCfg = Release|Any CPU
		{878862BD-1816-4F41-B715-85C4F43AF9FA}.AppStore|x64.Build.0 = Release|Any CPU
		{878862BD-1816-4F41-B715-85C4F43AF9FA}.AppStore|x86.ActiveCfg = Release|Any CPU
		{878862BD-1816-4F41-B715-85C4F43AF9FA}.AppStore|x86.Build.0 = Release|Any CPU
		{878862BD-1816-4F41-B715-85C4F43AF9FA}.Debug|Any CPU.ActiveCfg = Debug|Any CPU
		{878862BD-1816-4F41-B715-85C4F43AF9FA}.Debug|Any CPU.Build.0 = Debug|Any CPU
		{878862BD-1816-4F41-B715-85C4F43AF9FA}.Debug|ARM.ActiveCfg = Debug|Any CPU
		{878862BD-1816-4F41-B715-85C4F43AF9FA}.Debug|ARM.Build.0 = Debug|Any CPU
		{878862BD-1816-4F41-B715-85C4F43AF9FA}.Debug|iPhone.ActiveCfg = Debug|Any CPU
		{878862BD-1816-4F41-B715-85C4F43AF9FA}.Debug|iPhone.Build.0 = Debug|Any CPU
		{878862BD-1816-4F41-B715-85C4F43AF9FA}.Debug|iPhoneSimulator.ActiveCfg = Debug|Any CPU
		{878862BD-1816-4F41-B715-85C4F43AF9FA}.Debug|iPhoneSimulator.Build.0 = Debug|Any CPU
		{878862BD-1816-4F41-B715-85C4F43AF9FA}.Debug|x64.ActiveCfg = Debug|Any CPU
		{878862BD-1816-4F41-B715-85C4F43AF9FA}.Debug|x64.Build.0 = Debug|Any CPU
		{878862BD-1816-4F41-B715-85C4F43AF9FA}.Debug|x86.ActiveCfg = Debug|Any CPU
		{878862BD-1816-4F41-B715-85C4F43AF9FA}.Debug|x86.Build.0 = Debug|Any CPU
		{878862BD-1816-4F41-B715-85C4F43AF9FA}.Release|Any CPU.ActiveCfg = Release|Any CPU
		{878862BD-1816-4F41-B715-85C4F43AF9FA}.Release|Any CPU.Build.0 = Release|Any CPU
		{878862BD-1816-4F41-B715-85C4F43AF9FA}.Release|ARM.ActiveCfg = Release|Any CPU
		{878862BD-1816-4F41-B715-85C4F43AF9FA}.Release|ARM.Build.0 = Release|Any CPU
		{878862BD-1816-4F41-B715-85C4F43AF9FA}.Release|iPhone.ActiveCfg = Release|Any CPU
		{878862BD-1816-4F41-B715-85C4F43AF9FA}.Release|iPhone.Build.0 = Release|Any CPU
		{878862BD-1816-4F41-B715-85C4F43AF9FA}.Release|iPhoneSimulator.ActiveCfg = Release|Any CPU
		{878862BD-1816-4F41-B715-85C4F43AF9FA}.Release|iPhoneSimulator.Build.0 = Release|Any CPU
		{878862BD-1816-4F41-B715-85C4F43AF9FA}.Release|x64.ActiveCfg = Release|Any CPU
		{878862BD-1816-4F41-B715-85C4F43AF9FA}.Release|x64.Build.0 = Release|Any CPU
		{878862BD-1816-4F41-B715-85C4F43AF9FA}.Release|x86.ActiveCfg = Release|Any CPU
		{878862BD-1816-4F41-B715-85C4F43AF9FA}.Release|x86.Build.0 = Release|Any CPU
		{2E75EEA4-2650-4EBE-9758-05E62E56CEAF}.Ad-Hoc|Any CPU.ActiveCfg = Release|Any CPU
		{2E75EEA4-2650-4EBE-9758-05E62E56CEAF}.Ad-Hoc|Any CPU.Build.0 = Release|Any CPU
		{2E75EEA4-2650-4EBE-9758-05E62E56CEAF}.Ad-Hoc|ARM.ActiveCfg = Release|ARM
		{2E75EEA4-2650-4EBE-9758-05E62E56CEAF}.Ad-Hoc|ARM.Build.0 = Release|ARM
		{2E75EEA4-2650-4EBE-9758-05E62E56CEAF}.Ad-Hoc|iPhone.ActiveCfg = Release|Any CPU
		{2E75EEA4-2650-4EBE-9758-05E62E56CEAF}.Ad-Hoc|iPhone.Build.0 = Release|Any CPU
		{2E75EEA4-2650-4EBE-9758-05E62E56CEAF}.Ad-Hoc|iPhoneSimulator.ActiveCfg = Release|Any CPU
		{2E75EEA4-2650-4EBE-9758-05E62E56CEAF}.Ad-Hoc|iPhoneSimulator.Build.0 = Release|Any CPU
		{2E75EEA4-2650-4EBE-9758-05E62E56CEAF}.Ad-Hoc|x64.ActiveCfg = Release|x64
		{2E75EEA4-2650-4EBE-9758-05E62E56CEAF}.Ad-Hoc|x64.Build.0 = Release|x64
		{2E75EEA4-2650-4EBE-9758-05E62E56CEAF}.Ad-Hoc|x86.ActiveCfg = Release|x86
		{2E75EEA4-2650-4EBE-9758-05E62E56CEAF}.Ad-Hoc|x86.Build.0 = Release|x86
		{2E75EEA4-2650-4EBE-9758-05E62E56CEAF}.AppStore|Any CPU.ActiveCfg = Release|Any CPU
		{2E75EEA4-2650-4EBE-9758-05E62E56CEAF}.AppStore|Any CPU.Build.0 = Release|Any CPU
		{2E75EEA4-2650-4EBE-9758-05E62E56CEAF}.AppStore|ARM.ActiveCfg = Release|ARM
		{2E75EEA4-2650-4EBE-9758-05E62E56CEAF}.AppStore|ARM.Build.0 = Release|ARM
		{2E75EEA4-2650-4EBE-9758-05E62E56CEAF}.AppStore|iPhone.ActiveCfg = Release|Any CPU
		{2E75EEA4-2650-4EBE-9758-05E62E56CEAF}.AppStore|iPhone.Build.0 = Release|Any CPU
		{2E75EEA4-2650-4EBE-9758-05E62E56CEAF}.AppStore|iPhoneSimulator.ActiveCfg = Release|Any CPU
		{2E75EEA4-2650-4EBE-9758-05E62E56CEAF}.AppStore|iPhoneSimulator.Build.0 = Release|Any CPU
		{2E75EEA4-2650-4EBE-9758-05E62E56CEAF}.AppStore|x64.ActiveCfg = Release|x64
		{2E75EEA4-2650-4EBE-9758-05E62E56CEAF}.AppStore|x64.Build.0 = Release|x64
		{2E75EEA4-2650-4EBE-9758-05E62E56CEAF}.AppStore|x86.ActiveCfg = Release|x86
		{2E75EEA4-2650-4EBE-9758-05E62E56CEAF}.AppStore|x86.Build.0 = Release|x86
		{2E75EEA4-2650-4EBE-9758-05E62E56CEAF}.Debug|Any CPU.ActiveCfg = Debug|Any CPU
		{2E75EEA4-2650-4EBE-9758-05E62E56CEAF}.Debug|Any CPU.Build.0 = Debug|Any CPU
		{2E75EEA4-2650-4EBE-9758-05E62E56CEAF}.Debug|ARM.ActiveCfg = Debug|ARM
		{2E75EEA4-2650-4EBE-9758-05E62E56CEAF}.Debug|ARM.Build.0 = Debug|ARM
		{2E75EEA4-2650-4EBE-9758-05E62E56CEAF}.Debug|iPhone.ActiveCfg = Debug|Any CPU
		{2E75EEA4-2650-4EBE-9758-05E62E56CEAF}.Debug|iPhone.Build.0 = Debug|Any CPU
		{2E75EEA4-2650-4EBE-9758-05E62E56CEAF}.Debug|iPhoneSimulator.ActiveCfg = Debug|Any CPU
		{2E75EEA4-2650-4EBE-9758-05E62E56CEAF}.Debug|iPhoneSimulator.Build.0 = Debug|Any CPU
		{2E75EEA4-2650-4EBE-9758-05E62E56CEAF}.Debug|x64.ActiveCfg = Debug|x64
		{2E75EEA4-2650-4EBE-9758-05E62E56CEAF}.Debug|x64.Build.0 = Debug|x64
		{2E75EEA4-2650-4EBE-9758-05E62E56CEAF}.Debug|x86.ActiveCfg = Debug|x86
		{2E75EEA4-2650-4EBE-9758-05E62E56CEAF}.Debug|x86.Build.0 = Debug|x86
		{2E75EEA4-2650-4EBE-9758-05E62E56CEAF}.Release|Any CPU.ActiveCfg = Release|Any CPU
		{2E75EEA4-2650-4EBE-9758-05E62E56CEAF}.Release|Any CPU.Build.0 = Release|Any CPU
		{2E75EEA4-2650-4EBE-9758-05E62E56CEAF}.Release|ARM.ActiveCfg = Release|ARM
		{2E75EEA4-2650-4EBE-9758-05E62E56CEAF}.Release|ARM.Build.0 = Release|ARM
		{2E75EEA4-2650-4EBE-9758-05E62E56CEAF}.Release|iPhone.ActiveCfg = Release|Any CPU
		{2E75EEA4-2650-4EBE-9758-05E62E56CEAF}.Release|iPhone.Build.0 = Release|Any CPU
		{2E75EEA4-2650-4EBE-9758-05E62E56CEAF}.Release|iPhoneSimulator.ActiveCfg = Release|Any CPU
		{2E75EEA4-2650-4EBE-9758-05E62E56CEAF}.Release|iPhoneSimulator.Build.0 = Release|Any CPU
		{2E75EEA4-2650-4EBE-9758-05E62E56CEAF}.Release|x64.ActiveCfg = Release|x64
		{2E75EEA4-2650-4EBE-9758-05E62E56CEAF}.Release|x64.Build.0 = Release|x64
		{2E75EEA4-2650-4EBE-9758-05E62E56CEAF}.Release|x86.ActiveCfg = Release|x86
		{2E75EEA4-2650-4EBE-9758-05E62E56CEAF}.Release|x86.Build.0 = Release|x86
		{0451BAEF-DF2E-4B98-8644-94EE9415E389}.Ad-Hoc|Any CPU.ActiveCfg = Release|Any CPU
		{0451BAEF-DF2E-4B98-8644-94EE9415E389}.Ad-Hoc|Any CPU.Build.0 = Release|Any CPU
		{0451BAEF-DF2E-4B98-8644-94EE9415E389}.Ad-Hoc|ARM.ActiveCfg = Release|Any CPU
		{0451BAEF-DF2E-4B98-8644-94EE9415E389}.Ad-Hoc|ARM.Build.0 = Release|Any CPU
		{0451BAEF-DF2E-4B98-8644-94EE9415E389}.Ad-Hoc|iPhone.ActiveCfg = Release|Any CPU
		{0451BAEF-DF2E-4B98-8644-94EE9415E389}.Ad-Hoc|iPhone.Build.0 = Release|Any CPU
		{0451BAEF-DF2E-4B98-8644-94EE9415E389}.Ad-Hoc|iPhoneSimulator.ActiveCfg = Release|Any CPU
		{0451BAEF-DF2E-4B98-8644-94EE9415E389}.Ad-Hoc|iPhoneSimulator.Build.0 = Release|Any CPU
		{0451BAEF-DF2E-4B98-8644-94EE9415E389}.Ad-Hoc|x64.ActiveCfg = Release|Any CPU
		{0451BAEF-DF2E-4B98-8644-94EE9415E389}.Ad-Hoc|x64.Build.0 = Release|Any CPU
		{0451BAEF-DF2E-4B98-8644-94EE9415E389}.Ad-Hoc|x86.ActiveCfg = Release|Any CPU
		{0451BAEF-DF2E-4B98-8644-94EE9415E389}.Ad-Hoc|x86.Build.0 = Release|Any CPU
		{0451BAEF-DF2E-4B98-8644-94EE9415E389}.AppStore|Any CPU.ActiveCfg = Release|Any CPU
		{0451BAEF-DF2E-4B98-8644-94EE9415E389}.AppStore|Any CPU.Build.0 = Release|Any CPU
		{0451BAEF-DF2E-4B98-8644-94EE9415E389}.AppStore|ARM.ActiveCfg = Release|Any CPU
		{0451BAEF-DF2E-4B98-8644-94EE9415E389}.AppStore|ARM.Build.0 = Release|Any CPU
		{0451BAEF-DF2E-4B98-8644-94EE9415E389}.AppStore|iPhone.ActiveCfg = Release|Any CPU
		{0451BAEF-DF2E-4B98-8644-94EE9415E389}.AppStore|iPhone.Build.0 = Release|Any CPU
		{0451BAEF-DF2E-4B98-8644-94EE9415E389}.AppStore|iPhoneSimulator.ActiveCfg = Release|Any CPU
		{0451BAEF-DF2E-4B98-8644-94EE9415E389}.AppStore|iPhoneSimulator.Build.0 = Release|Any CPU
		{0451BAEF-DF2E-4B98-8644-94EE9415E389}.AppStore|x64.ActiveCfg = Release|Any CPU
		{0451BAEF-DF2E-4B98-8644-94EE9415E389}.AppStore|x64.Build.0 = Release|Any CPU
		{0451BAEF-DF2E-4B98-8644-94EE9415E389}.AppStore|x86.ActiveCfg = Release|Any CPU
		{0451BAEF-DF2E-4B98-8644-94EE9415E389}.AppStore|x86.Build.0 = Release|Any CPU
		{0451BAEF-DF2E-4B98-8644-94EE9415E389}.Debug|Any CPU.ActiveCfg = Debug|Any CPU
		{0451BAEF-DF2E-4B98-8644-94EE9415E389}.Debug|Any CPU.Build.0 = Debug|Any CPU
		{0451BAEF-DF2E-4B98-8644-94EE9415E389}.Debug|ARM.ActiveCfg = Debug|Any CPU
		{0451BAEF-DF2E-4B98-8644-94EE9415E389}.Debug|ARM.Build.0 = Debug|Any CPU
		{0451BAEF-DF2E-4B98-8644-94EE9415E389}.Debug|iPhone.ActiveCfg = Debug|Any CPU
		{0451BAEF-DF2E-4B98-8644-94EE9415E389}.Debug|iPhone.Build.0 = Debug|Any CPU
		{0451BAEF-DF2E-4B98-8644-94EE9415E389}.Debug|iPhoneSimulator.ActiveCfg = Debug|Any CPU
		{0451BAEF-DF2E-4B98-8644-94EE9415E389}.Debug|iPhoneSimulator.Build.0 = Debug|Any CPU
		{0451BAEF-DF2E-4B98-8644-94EE9415E389}.Debug|x64.ActiveCfg = Debug|Any CPU
		{0451BAEF-DF2E-4B98-8644-94EE9415E389}.Debug|x64.Build.0 = Debug|Any CPU
		{0451BAEF-DF2E-4B98-8644-94EE9415E389}.Debug|x86.ActiveCfg = Debug|Any CPU
		{0451BAEF-DF2E-4B98-8644-94EE9415E389}.Debug|x86.Build.0 = Debug|Any CPU
		{0451BAEF-DF2E-4B98-8644-94EE9415E389}.Release|Any CPU.ActiveCfg = Release|Any CPU
		{0451BAEF-DF2E-4B98-8644-94EE9415E389}.Release|Any CPU.Build.0 = Release|Any CPU
		{0451BAEF-DF2E-4B98-8644-94EE9415E389}.Release|ARM.ActiveCfg = Release|Any CPU
		{0451BAEF-DF2E-4B98-8644-94EE9415E389}.Release|ARM.Build.0 = Release|Any CPU
		{0451BAEF-DF2E-4B98-8644-94EE9415E389}.Release|iPhone.ActiveCfg = Release|Any CPU
		{0451BAEF-DF2E-4B98-8644-94EE9415E389}.Release|iPhone.Build.0 = Release|Any CPU
		{0451BAEF-DF2E-4B98-8644-94EE9415E389}.Release|iPhoneSimulator.ActiveCfg = Release|Any CPU
		{0451BAEF-DF2E-4B98-8644-94EE9415E389}.Release|iPhoneSimulator.Build.0 = Release|Any CPU
		{0451BAEF-DF2E-4B98-8644-94EE9415E389}.Release|x64.ActiveCfg = Release|Any CPU
		{0451BAEF-DF2E-4B98-8644-94EE9415E389}.Release|x64.Build.0 = Release|Any CPU
		{0451BAEF-DF2E-4B98-8644-94EE9415E389}.Release|x86.ActiveCfg = Release|Any CPU
		{0451BAEF-DF2E-4B98-8644-94EE9415E389}.Release|x86.Build.0 = Release|Any CPU
		{43764646-3F49-4355-A7F3-ED5EC4795738}.Ad-Hoc|Any CPU.ActiveCfg = Release|Any CPU
		{43764646-3F49-4355-A7F3-ED5EC4795738}.Ad-Hoc|Any CPU.Build.0 = Release|Any CPU
		{43764646-3F49-4355-A7F3-ED5EC4795738}.Ad-Hoc|ARM.ActiveCfg = Release|Any CPU
		{43764646-3F49-4355-A7F3-ED5EC4795738}.Ad-Hoc|ARM.Build.0 = Release|Any CPU
		{43764646-3F49-4355-A7F3-ED5EC4795738}.Ad-Hoc|iPhone.ActiveCfg = Release|Any CPU
		{43764646-3F49-4355-A7F3-ED5EC4795738}.Ad-Hoc|iPhone.Build.0 = Release|Any CPU
		{43764646-3F49-4355-A7F3-ED5EC4795738}.Ad-Hoc|iPhoneSimulator.ActiveCfg = Release|Any CPU
		{43764646-3F49-4355-A7F3-ED5EC4795738}.Ad-Hoc|iPhoneSimulator.Build.0 = Release|Any CPU
		{43764646-3F49-4355-A7F3-ED5EC4795738}.Ad-Hoc|x64.ActiveCfg = Release|Any CPU
		{43764646-3F49-4355-A7F3-ED5EC4795738}.Ad-Hoc|x64.Build.0 = Release|Any CPU
		{43764646-3F49-4355-A7F3-ED5EC4795738}.Ad-Hoc|x86.ActiveCfg = Release|Any CPU
		{43764646-3F49-4355-A7F3-ED5EC4795738}.Ad-Hoc|x86.Build.0 = Release|Any CPU
		{43764646-3F49-4355-A7F3-ED5EC4795738}.AppStore|Any CPU.ActiveCfg = Release|Any CPU
		{43764646-3F49-4355-A7F3-ED5EC4795738}.AppStore|Any CPU.Build.0 = Release|Any CPU
		{43764646-3F49-4355-A7F3-ED5EC4795738}.AppStore|ARM.ActiveCfg = Release|Any CPU
		{43764646-3F49-4355-A7F3-ED5EC4795738}.AppStore|ARM.Build.0 = Release|Any CPU
		{43764646-3F49-4355-A7F3-ED5EC4795738}.AppStore|iPhone.ActiveCfg = Release|Any CPU
		{43764646-3F49-4355-A7F3-ED5EC4795738}.AppStore|iPhone.Build.0 = Release|Any CPU
		{43764646-3F49-4355-A7F3-ED5EC4795738}.AppStore|iPhoneSimulator.ActiveCfg = Release|Any CPU
		{43764646-3F49-4355-A7F3-ED5EC4795738}.AppStore|iPhoneSimulator.Build.0 = Release|Any CPU
		{43764646-3F49-4355-A7F3-ED5EC4795738}.AppStore|x64.ActiveCfg = Release|Any CPU
		{43764646-3F49-4355-A7F3-ED5EC4795738}.AppStore|x64.Build.0 = Release|Any CPU
		{43764646-3F49-4355-A7F3-ED5EC4795738}.AppStore|x86.ActiveCfg = Release|Any CPU
		{43764646-3F49-4355-A7F3-ED5EC4795738}.AppStore|x86.Build.0 = Release|Any CPU
		{43764646-3F49-4355-A7F3-ED5EC4795738}.Debug|Any CPU.ActiveCfg = Debug|Any CPU
		{43764646-3F49-4355-A7F3-ED5EC4795738}.Debug|Any CPU.Build.0 = Debug|Any CPU
		{43764646-3F49-4355-A7F3-ED5EC4795738}.Debug|ARM.ActiveCfg = Debug|Any CPU
		{43764646-3F49-4355-A7F3-ED5EC4795738}.Debug|ARM.Build.0 = Debug|Any CPU
		{43764646-3F49-4355-A7F3-ED5EC4795738}.Debug|iPhone.ActiveCfg = Debug|Any CPU
		{43764646-3F49-4355-A7F3-ED5EC4795738}.Debug|iPhone.Build.0 = Debug|Any CPU
		{43764646-3F49-4355-A7F3-ED5EC4795738}.Debug|iPhoneSimulator.ActiveCfg = Debug|Any CPU
		{43764646-3F49-4355-A7F3-ED5EC4795738}.Debug|iPhoneSimulator.Build.0 = Debug|Any CPU
		{43764646-3F49-4355-A7F3-ED5EC4795738}.Debug|x64.ActiveCfg = Debug|Any CPU
		{43764646-3F49-4355-A7F3-ED5EC4795738}.Debug|x64.Build.0 = Debug|Any CPU
		{43764646-3F49-4355-A7F3-ED5EC4795738}.Debug|x86.ActiveCfg = Debug|Any CPU
		{43764646-3F49-4355-A7F3-ED5EC4795738}.Debug|x86.Build.0 = Debug|Any CPU
		{43764646-3F49-4355-A7F3-ED5EC4795738}.Release|Any CPU.ActiveCfg = Release|Any CPU
		{43764646-3F49-4355-A7F3-ED5EC4795738}.Release|Any CPU.Build.0 = Release|Any CPU
		{43764646-3F49-4355-A7F3-ED5EC4795738}.Release|ARM.ActiveCfg = Release|Any CPU
		{43764646-3F49-4355-A7F3-ED5EC4795738}.Release|ARM.Build.0 = Release|Any CPU
		{43764646-3F49-4355-A7F3-ED5EC4795738}.Release|iPhone.ActiveCfg = Release|Any CPU
		{43764646-3F49-4355-A7F3-ED5EC4795738}.Release|iPhone.Build.0 = Release|Any CPU
		{43764646-3F49-4355-A7F3-ED5EC4795738}.Release|iPhoneSimulator.ActiveCfg = Release|Any CPU
		{43764646-3F49-4355-A7F3-ED5EC4795738}.Release|iPhoneSimulator.Build.0 = Release|Any CPU
		{43764646-3F49-4355-A7F3-ED5EC4795738}.Release|x64.ActiveCfg = Release|Any CPU
		{43764646-3F49-4355-A7F3-ED5EC4795738}.Release|x64.Build.0 = Release|Any CPU
		{43764646-3F49-4355-A7F3-ED5EC4795738}.Release|x86.ActiveCfg = Release|Any CPU
		{43764646-3F49-4355-A7F3-ED5EC4795738}.Release|x86.Build.0 = Release|Any CPU
		{8CBA89C1-402D-4B88-B846-A16614F15139}.Ad-Hoc|Any CPU.ActiveCfg = Release|Any CPU
		{8CBA89C1-402D-4B88-B846-A16614F15139}.Ad-Hoc|Any CPU.Build.0 = Release|Any CPU
		{8CBA89C1-402D-4B88-B846-A16614F15139}.Ad-Hoc|ARM.ActiveCfg = Release|Any CPU
		{8CBA89C1-402D-4B88-B846-A16614F15139}.Ad-Hoc|ARM.Build.0 = Release|Any CPU
		{8CBA89C1-402D-4B88-B846-A16614F15139}.Ad-Hoc|iPhone.ActiveCfg = Release|Any CPU
		{8CBA89C1-402D-4B88-B846-A16614F15139}.Ad-Hoc|iPhone.Build.0 = Release|Any CPU
		{8CBA89C1-402D-4B88-B846-A16614F15139}.Ad-Hoc|iPhoneSimulator.ActiveCfg = Release|Any CPU
		{8CBA89C1-402D-4B88-B846-A16614F15139}.Ad-Hoc|iPhoneSimulator.Build.0 = Release|Any CPU
		{8CBA89C1-402D-4B88-B846-A16614F15139}.Ad-Hoc|x64.ActiveCfg = Release|Any CPU
		{8CBA89C1-402D-4B88-B846-A16614F15139}.Ad-Hoc|x64.Build.0 = Release|Any CPU
		{8CBA89C1-402D-4B88-B846-A16614F15139}.Ad-Hoc|x86.ActiveCfg = Release|Any CPU
		{8CBA89C1-402D-4B88-B846-A16614F15139}.Ad-Hoc|x86.Build.0 = Release|Any CPU
		{8CBA89C1-402D-4B88-B846-A16614F15139}.AppStore|Any CPU.ActiveCfg = Release|Any CPU
		{8CBA89C1-402D-4B88-B846-A16614F15139}.AppStore|Any CPU.Build.0 = Release|Any CPU
		{8CBA89C1-402D-4B88-B846-A16614F15139}.AppStore|ARM.ActiveCfg = Release|Any CPU
		{8CBA89C1-402D-4B88-B846-A16614F15139}.AppStore|ARM.Build.0 = Release|Any CPU
		{8CBA89C1-402D-4B88-B846-A16614F15139}.AppStore|iPhone.ActiveCfg = Release|Any CPU
		{8CBA89C1-402D-4B88-B846-A16614F15139}.AppStore|iPhone.Build.0 = Release|Any CPU
		{8CBA89C1-402D-4B88-B846-A16614F15139}.AppStore|iPhoneSimulator.ActiveCfg = Release|Any CPU
		{8CBA89C1-402D-4B88-B846-A16614F15139}.AppStore|iPhoneSimulator.Build.0 = Release|Any CPU
		{8CBA89C1-402D-4B88-B846-A16614F15139}.AppStore|x64.ActiveCfg = Release|Any CPU
		{8CBA89C1-402D-4B88-B846-A16614F15139}.AppStore|x64.Build.0 = Release|Any CPU
		{8CBA89C1-402D-4B88-B846-A16614F15139}.AppStore|x86.ActiveCfg = Release|Any CPU
		{8CBA89C1-402D-4B88-B846-A16614F15139}.AppStore|x86.Build.0 = Release|Any CPU
		{8CBA89C1-402D-4B88-B846-A16614F15139}.Debug|Any CPU.ActiveCfg = Debug|Any CPU
		{8CBA89C1-402D-4B88-B846-A16614F15139}.Debug|Any CPU.Build.0 = Debug|Any CPU
		{8CBA89C1-402D-4B88-B846-A16614F15139}.Debug|ARM.ActiveCfg = Debug|Any CPU
		{8CBA89C1-402D-4B88-B846-A16614F15139}.Debug|ARM.Build.0 = Debug|Any CPU
		{8CBA89C1-402D-4B88-B846-A16614F15139}.Debug|iPhone.ActiveCfg = Debug|Any CPU
		{8CBA89C1-402D-4B88-B846-A16614F15139}.Debug|iPhone.Build.0 = Debug|Any CPU
		{8CBA89C1-402D-4B88-B846-A16614F15139}.Debug|iPhoneSimulator.ActiveCfg = Debug|Any CPU
		{8CBA89C1-402D-4B88-B846-A16614F15139}.Debug|iPhoneSimulator.Build.0 = Debug|Any CPU
		{8CBA89C1-402D-4B88-B846-A16614F15139}.Debug|x64.ActiveCfg = Debug|Any CPU
		{8CBA89C1-402D-4B88-B846-A16614F15139}.Debug|x64.Build.0 = Debug|Any CPU
		{8CBA89C1-402D-4B88-B846-A16614F15139}.Debug|x86.ActiveCfg = Debug|Any CPU
		{8CBA89C1-402D-4B88-B846-A16614F15139}.Debug|x86.Build.0 = Debug|Any CPU
		{8CBA89C1-402D-4B88-B846-A16614F15139}.Release|Any CPU.ActiveCfg = Release|Any CPU
		{8CBA89C1-402D-4B88-B846-A16614F15139}.Release|Any CPU.Build.0 = Release|Any CPU
		{8CBA89C1-402D-4B88-B846-A16614F15139}.Release|ARM.ActiveCfg = Release|Any CPU
		{8CBA89C1-402D-4B88-B846-A16614F15139}.Release|ARM.Build.0 = Release|Any CPU
		{8CBA89C1-402D-4B88-B846-A16614F15139}.Release|iPhone.ActiveCfg = Release|Any CPU
		{8CBA89C1-402D-4B88-B846-A16614F15139}.Release|iPhone.Build.0 = Release|Any CPU
		{8CBA89C1-402D-4B88-B846-A16614F15139}.Release|iPhoneSimulator.ActiveCfg = Release|Any CPU
		{8CBA89C1-402D-4B88-B846-A16614F15139}.Release|iPhoneSimulator.Build.0 = Release|Any CPU
		{8CBA89C1-402D-4B88-B846-A16614F15139}.Release|x64.ActiveCfg = Release|Any CPU
		{8CBA89C1-402D-4B88-B846-A16614F15139}.Release|x64.Build.0 = Release|Any CPU
		{8CBA89C1-402D-4B88-B846-A16614F15139}.Release|x86.ActiveCfg = Release|Any CPU
		{8CBA89C1-402D-4B88-B846-A16614F15139}.Release|x86.Build.0 = Release|Any CPU
	EndGlobalSection
	GlobalSection(SolutionProperties) = preSolution
		HideSolutionNode = FALSE
	EndGlobalSection
EndGlobal
